
Microsoft Visual Studio Solution File, Format Version 10.00
# Visual C# Express 2008
Project("{FAE04EC0-301F-11D3-BF4B-00C04F79EFBC}") = "happiness for gcj", "happiness for gcj\happiness for gcj.csproj", "{3F349CB8-4705-4AE2-9FC5-E17CBD8CC801}"
EndProject
Global
	GlobalSection(SolutionConfigurationPlatforms) = preSolution
		Debug|Any CPU = Debug|Any CPU
		Release|Any CPU = Release|Any CPU
	EndGlobalSection
	GlobalSection(ProjectConfigurationPlatforms) = postSolution
		{3F349CB8-4705-4AE2-9FC5-E17CBD8CC801}.Debug|Any CPU.ActiveCfg = Debug|Any CPU
		{3F349CB8-4705-4AE2-9FC5-E17CBD8CC801}.Debug|Any CPU.Build.0 = Debug|Any CPU
		{3F349CB8-4705-4AE2-9FC5-E17CBD8CC801}.Release|Any CPU.ActiveCfg = Release|Any CPU
		{3F349CB8-4705-4AE2-9FC5-E17CBD8CC801}.Release|Any CPU.Build.0 = Release|Any CPU
	EndGlobalSection
	GlobalSection(SolutionProperties) = preSolution
		HideSolutionNode = FALSE
	EndGlobalSection
EndGlobal
